
Microsoft Visual Studio Solution File, Format Version 12.00
# Visual Studio Version 16
VisualStudioVersion = 16.0.30621.155
MinimumVisualStudioVersion = 10.0.40219.1
Project("{FAE04EC0-301F-11D3-BF4B-00C04F79EFBC}") = "CalendarLog.CalCopy", "CalendarLog.CalCopy\CalendarLog.CalCopy.csproj", "{A229938E-26FA-4832-9C0B-73FC7B941AC9}"
EndProject
Global
	GlobalSection(SolutionConfigurationPlatforms) = preSolution
		Debug|Any CPU = Debug|Any CPU
		Release|Any CPU = Release|Any CPU
	EndGlobalSection
	GlobalSection(ProjectConfigurationPlatforms) = postSolution
		{A229938E-26FA-4832-9C0B-73FC7B941AC9}.Debug|Any CPU.ActiveCfg = Debug|Any CPU
		{A229938E-26FA-4832-9C0B-73FC7B941AC9}.Debug|Any CPU.Build.0 = Debug|Any CPU
		{A229938E-26FA-4832-9C0B-73FC7B941AC9}.Release|Any CPU.ActiveCfg = Release|Any CPU
		{A229938E-26FA-4832-9C0B-73FC7B941AC9}.Release|Any CPU.Build.0 = Release|Any CPU
	EndGlobalSection
	GlobalSection(SolutionProperties) = preSolution
		HideSolutionNode = FALSE
	EndGlobalSection
	GlobalSection(ExtensibilityGlobals) = postSolution
		SolutionGuid = {87A44F35-809D-4501-ABA0-185FFDE5B64A}
	EndGlobalSection
EndGlobal
